
Microsoft Visual Studio Solution File, Format Version 12.00
# Visual Studio Version 17
VisualStudioVersion = 17.0.31717.71
MinimumVisualStudioVersion = 10.0.40219.1
Project("{9A19103F-16F7-4668-BE54-9A1E7A4F7556}") = "Xamarin", "XamarinHelpers\Xamarin.csproj", "{91D72834-49C3-4C4C-BB87-4E6EFB031729}"
EndProject
Project("{9A19103F-16F7-4668-BE54-9A1E7A4F7556}") = "Checking", "Checking\Checking.csproj", "{9D25F192-AC60-49E8-9E90-5AA70CBD2A72}"
EndProject
Project("{9A19103F-16F7-4668-BE54-9A1E7A4F7556}") = "Extensions", "Extensions\Extensions.csproj", "{07E9B698-94A6-480B-A25F-17864157804A}"
EndProject
Project("{9A19103F-16F7-4668-BE54-9A1E7A4F7556}") = "Patterns", "Patterns\Patterns.csproj", "{829B2055-2ED5-4496-8BED-5068D01A8077}"
EndProject
Project("{9A19103F-16F7-4668-BE54-9A1E7A4F7556}") = "Searching", "Searching\Searching.csproj", "{FB4121D2-4A08-4BBA-8F53-D38D9A3B91E4}"
EndProject
Project("{9A19103F-16F7-4668-BE54-9A1E7A4F7556}") = "Sorting", "Sorting\Sorting.csproj", "{764E2F04-2794-4D40-842A-D8E4A9E1DFF8}"
EndProject
Project("{9A19103F-16F7-4668-BE54-9A1E7A4F7556}") = "Code Snippets", "Code Snippets\Code Snippets.csproj", "{538A7885-2157-421F-8873-477EDDA1B543}"
EndProject
Project("{9A19103F-16F7-4668-BE54-9A1E7A4F7556}") = "Windows Forms Patterns", "Windows Runtime Examples\Windows Forms Patterns.csproj", "{737255AB-9CB8-4551-8B69-5075B8855CE4}"
EndProject
Project("{FAE04EC0-301F-11D3-BF4B-00C04F79EFBC}") = "ASP Examples", "ASP Examples\ASP Examples.csproj", "{19D2DD8A-7014-447B-AA9B-EC7BA0C3E7EF}"
EndProject
Global
	GlobalSection(SolutionConfigurationPlatforms) = preSolution
		Debug|Any CPU = Debug|Any CPU
		Debug|ARM = Debug|ARM
		Debug|ARM64 = Debug|ARM64
		Debug|x64 = Debug|x64
		Debug|x86 = Debug|x86
		Release|Any CPU = Release|Any CPU
		Release|ARM = Release|ARM
		Release|ARM64 = Release|ARM64
		Release|x64 = Release|x64
		Release|x86 = Release|x86
	EndGlobalSection
	GlobalSection(ProjectConfigurationPlatforms) = postSolution
		{91D72834-49C3-4C4C-BB87-4E6EFB031729}.Debug|Any CPU.ActiveCfg = Debug|Any CPU
		{91D72834-49C3-4C4C-BB87-4E6EFB031729}.Debug|Any CPU.Build.0 = Debug|Any CPU
		{91D72834-49C3-4C4C-BB87-4E6EFB031729}.Debug|ARM.ActiveCfg = Debug|Any CPU
		{91D72834-49C3-4C4C-BB87-4E6EFB031729}.Debug|ARM.Build.0 = Debug|Any CPU
		{91D72834-49C3-4C4C-BB87-4E6EFB031729}.Debug|ARM64.ActiveCfg = Debug|Any CPU
		{91D72834-49C3-4C4C-BB87-4E6EFB031729}.Debug|ARM64.Build.0 = Debug|Any CPU
		{91D72834-49C3-4C4C-BB87-4E6EFB031729}.Debug|x64.ActiveCfg = Debug|Any CPU
		{91D72834-49C3-4C4C-BB87-4E6EFB031729}.Debug|x64.Build.0 = Debug|Any CPU
		{91D72834-49C3-4C4C-BB87-4E6EFB031729}.Debug|x86.ActiveCfg = Debug|Any CPU
		{91D72834-49C3-4C4C-BB87-4E6EFB031729}.Debug|x86.Build.0 = Debug|Any CPU
		{91D72834-49C3-4C4C-BB87-4E6EFB031729}.Release|Any CPU.ActiveCfg = Release|Any CPU
		{91D72834-49C3-4C4C-BB87-4E6EFB031729}.Release|Any CPU.Build.0 = Release|Any CPU
		{91D72834-49C3-4C4C-BB87-4E6EFB031729}.Release|ARM.ActiveCfg = Release|Any CPU
		{91D72834-49C3-4C4C-BB87-4E6EFB031729}.Release|ARM.Build.0 = Release|Any CPU
		{91D72834-49C3-4C4C-BB87-4E6EFB031729}.Release|ARM64.ActiveCfg = Release|Any CPU
		{91D72834-49C3-4C4C-BB87-4E6EFB031729}.Release|ARM64.Build.0 = Release|Any CPU
		{91D72834-49C3-4C4C-BB87-4E6EFB031729}.Release|x64.ActiveCfg = Release|Any CPU
		{91D72834-49C3-4C4C-BB87-4E6EFB031729}.Release|x64.Build.0 = Release|Any CPU
		{91D72834-49C3-4C4C-BB87-4E6EFB031729}.Release|x86.ActiveCfg = Release|Any CPU
		{91D72834-49C3-4C4C-BB87-4E6EFB031729}.Release|x86.Build.0 = Release|Any CPU
		{9D25F192-AC60-49E8-9E90-5AA70CBD2A72}.Debug|Any CPU.ActiveCfg = Debug|Any CPU
		{9D25F192-AC60-49E8-9E90-5AA70CBD2A72}.Debug|Any CPU.Build.0 = Debug|Any CPU
		{9D25F192-AC60-49E8-9E90-5AA70CBD2A72}.Debug|ARM.ActiveCfg = Debug|Any CPU
		{9D25F192-AC60-49E8-9E90-5AA70CBD2A72}.Debug|ARM.Build.0 = Debug|Any CPU
		{9D25F192-AC60-49E8-9E90-5AA70CBD2A72}.Debug|ARM64.ActiveCfg = Debug|Any CPU
		{9D25F192-AC60-49E8-9E90-5AA70CBD2A72}.Debug|ARM64.Build.0 = Debug|Any CPU
		{9D25F192-AC60-49E8-9E90-5AA70CBD2A72}.Debug|x64.ActiveCfg = Debug|Any CPU
		{9D25F192-AC60-49E8-9E90-5AA70CBD2A72}.Debug|x64.Build.0 = Debug|Any CPU
		{9D25F192-AC60-49E8-9E90-5AA70CBD2A72}.Debug|x86.ActiveCfg = Debug|Any CPU
		{9D25F192-AC60-49E8-9E90-5AA70CBD2A72}.Debug|x86.Build.0 = Debug|Any CPU
		{9D25F192-AC60-49E8-9E90-5AA70CBD2A72}.Release|Any CPU.ActiveCfg = Release|Any CPU
		{9D25F192-AC60-49E8-9E90-5AA70CBD2A72}.Release|Any CPU.Build.0 = Release|Any CPU
		{9D25F192-AC60-49E8-9E90-5AA70CBD2A72}.Release|ARM.ActiveCfg = Release|Any CPU
		{9D25F192-AC60-49E8-9E90-5AA70CBD2A72}.Release|ARM.Build.0 = Release|Any CPU
		{9D25F192-AC60-49E8-9E90-5AA70CBD2A72}.Release|ARM64.ActiveCfg = Release|Any CPU
		{9D25F192-AC60-49E8-9E90-5AA70CBD2A72}.Release|ARM64.Build.0 = Release|Any CPU
		{9D25F192-AC60-49E8-9E90-5AA70CBD2A72}.Release|x64.ActiveCfg = Release|Any CPU
		{9D25F192-AC60-49E8-9E90-5AA70CBD2A72}.Release|x64.Build.0 = Release|Any CPU
		{9D25F192-AC60-49E8-9E90-5AA70CBD2A72}.Release|x86.ActiveCfg = Release|Any CPU
		{9D25F192-AC60-49E8-9E90-5AA70CBD2A72}.Release|x86.Build.0 = Release|Any CPU
		{07E9B698-94A6-480B-A25F-17864157804A}.Debug|Any CPU.ActiveCfg = Debug|Any CPU
		{07E9B698-94A6-480B-A25F-17864157804A}.Debug|Any CPU.Build.0 = Debug|Any CPU
		{07E9B698-94A6-480B-A25F-17864157804A}.Debug|ARM.ActiveCfg = Debug|Any CPU
		{07E9B698-94A6-480B-A25F-17864157804A}.Debug|ARM.Build.0 = Debug|Any CPU
		{07E9B698-94A6-480B-A25F-17864157804A}.Debug|ARM64.ActiveCfg = Debug|Any CPU
		{07E9B698-94A6-480B-A25F-17864157804A}.Debug|ARM64.Build.0 = Debug|Any CPU
		{07E9B698-94A6-480B-A25F-17864157804A}.Debug|x64.ActiveCfg = Debug|Any CPU
		{07E9B698-94A6-480B-A25F-17864157804A}.Debug|x64.Build.0 = Debug|Any CPU
		{07E9B698-94A6-480B-A25F-17864157804A}.Debug|x86.ActiveCfg = Debug|Any CPU
		{07E9B698-94A6-480B-A25F-17864157804A}.Debug|x86.Build.0 = Debug|Any CPU
		{07E9B698-94A6-480B-A25F-17864157804A}.Release|Any CPU.ActiveCfg = Release|Any CPU
		{07E9B698-94A6-480B-A25F-17864157804A}.Release|Any CPU.Build.0 = Release|Any CPU
		{07E9B698-94A6-480B-A25F-17864157804A}.Release|ARM.ActiveCfg = Release|Any CPU
		{07E9B698-94A6-480B-A25F-17864157804A}.Release|ARM.Build.0 = Release|Any CPU
		{07E9B698-94A6-480B-A25F-17864157804A}.Release|ARM64.ActiveCfg = Release|Any CPU
		{07E9B698-94A6-480B-A25F-17864157804A}.Release|ARM64.Build.0 = Release|Any CPU
		{07E9B698-94A6-480B-A25F-17864157804A}.Release|x64.ActiveCfg = Release|Any CPU
		{07E9B698-94A6-480B-A25F-17864157804A}.Release|x64.Build.0 = Release|Any CPU
		{07E9B698-94A6-480B-A25F-17864157804A}.Release|x86.ActiveCfg = Release|Any CPU
		{07E9B698-94A6-480B-A25F-17864157804A}.Release|x86.Build.0 = Release|Any CPU
		{829B2055-2ED5-4496-8BED-5068D01A8077}.Debug|Any CPU.ActiveCfg = Debug|Any CPU
		{829B2055-2ED5-4496-8BED-5068D01A8077}.Debug|Any CPU.Build.0 = Debug|Any CPU
		{829B2055-2ED5-4496-8BED-5068D01A8077}.Debug|ARM.ActiveCfg = Debug|Any CPU
		{829B2055-2ED5-4496-8BED-5068D01A8077}.Debug|ARM.Build.0 = Debug|Any CPU
		{829B2055-2ED5-4496-8BED-5068D01A8077}.Debug|ARM64.ActiveCfg = Debug|Any CPU
		{829B2055-2ED5-4496-8BED-5068D01A8077}.Debug|ARM64.Build.0 = Debug|Any CPU
		{829B2055-2ED5-4496-8BED-5068D01A8077}.Debug|x64.ActiveCfg = Debug|Any CPU
		{829B2055-2ED5-4496-8BED-5068D01A8077}.Debug|x64.Build.0 = Debug|Any CPU
		{829B2055-2ED5-4496-8BED-5068D01A8077}.Debug|x86.ActiveCfg = Debug|Any CPU
		{829B2055-2ED5-4496-8BED-5068D01A8077}.Debug|x86.Build.0 = Debug|Any CPU
		{829B2055-2ED5-4496-8BED-5068D01A8077}.Release|Any CPU.ActiveCfg = Release|Any CPU
		{829B2055-2ED5-4496-8BED-5068D01A8077}.Release|Any CPU.Build.0 = Release|Any CPU
		{829B2055-2ED5-4496-8BED-5068D01A8077}.Release|ARM.ActiveCfg = Release|Any CPU
		{829B2055-2ED5-4496-8BED-5068D01A8077}.Release|ARM.Build.0 = Release|Any CPU
		{829B2055-2ED5-4496-8BED-5068D01A8077}.Release|ARM64.ActiveCfg = Release|Any CPU
		{829B2055-2ED5-4496-8BED-5068D01A8077}.Release|ARM64.Build.0 = Release|Any CPU
		{829B2055-2ED5-4496-8BED-5068D01A8077}.Release|x64.ActiveCfg = Release|Any CPU
		{829B2055-2ED5-4496-8BED-5068D01A8077}.Release|x64.Build.0 = Release|Any CPU
		{829B2055-2ED5-4496-8BED-5068D01A8077}.Release|x86.ActiveCfg = Release|Any CPU
		{829B2055-2ED5-4496-8BED-5068D01A8077}.Release|x86.Build.0 = Release|Any CPU
		{FB4121D2-4A08-4BBA-8F53-D38D9A3B91E4}.Debug|Any CPU.ActiveCfg = Debug|Any CPU
		{FB4121D2-4A08-4BBA-8F53-D38D9A3B91E4}.Debug|Any CPU.Build.0 = Debug|Any CPU
		{FB4121D2-4A08-4BBA-8F53-D38D9A3B91E4}.Debug|ARM.ActiveCfg = Debug|Any CPU
		{FB4121D2-4A08-4BBA-8F53-D38D9A3B91E4}.Debug|ARM.Build.0 = Debug|Any CPU
		{FB4121D2-4A08-4BBA-8F53-D38D9A3B91E4}.Debug|ARM64.ActiveCfg = Debug|Any CPU
		{FB4121D2-4A08-4BBA-8F53-D38D9A3B91E4}.Debug|ARM64.Build.0 = Debug|Any CPU
		{FB4121D2-4A08-4BBA-8F53-D38D9A3B91E4}.Debug|x64.ActiveCfg = Debug|Any CPU
		{FB4121D2-4A08-4BBA-8F53-D38D9A3B91E4}.Debug|x64.Build.0 = Debug|Any CPU
		{FB4121D2-4A08-4BBA-8F53-D38D9A3B91E4}.Debug|x86.ActiveCfg = Debug|Any CPU
		{FB4121D2-4A08-4BBA-8F53-D38D9A3B91E4}.Debug|x86.Build.0 = Debug|Any CPU
		{FB4121D2-4A08-4BBA-8F53-D38D9A3B91E4}.Release|Any CPU.ActiveCfg = Release|Any CPU
		{FB4121D2-4A08-4BBA-8F53-D38D9A3B91E4}.Release|Any CPU.Build.0 = Release|Any CPU
		{FB4121D2-4A08-4BBA-8F53-D38D9A3B91E4}.Release|ARM.ActiveCfg = Release|Any CPU
		{FB4121D2-4A08-4BBA-8F53-D38D9A3B91E4}.Release|ARM.Build.0 = Release|Any CPU
		{FB4121D2-4A08-4BBA-8F53-D38D9A3B91E4}.Release|ARM64.ActiveCfg = Release|Any CPU
		{FB4121D2-4A08-4BBA-8F53-D38D9A3B91E4}.Release|ARM64.Build.0 = Release|Any CPU
		{FB4121D2-4A08-4BBA-8F53-D38D9A3B91E4}.Release|x64.ActiveCfg = Release|Any CPU
		{FB4121D2-4A08-4BBA-8F53-D38D9A3B91E4}.Release|x64.Build.0 = Release|Any CPU
		{FB4121D2-4A08-4BBA-8F53-D38D9A3B91E4}.Release|x86.ActiveCfg = Release|Any CPU
		{FB4121D2-4A08-4BBA-8F53-D38D9A3B91E4}.Release|x86.Build.0 = Release|Any CPU
		{764E2F04-2794-4D40-842A-D8E4A9E1DFF8}.Debug|Any CPU.ActiveCfg = Debug|Any CPU
		{764E2F04-2794-4D40-842A-D8E4A9E1DFF8}.Debug|Any CPU.Build.0 = Debug|Any CPU
		{764E2F04-2794-4D40-842A-D8E4A9E1DFF8}.Debug|ARM.ActiveCfg = Debug|Any CPU
		{764E2F04-2794-4D40-842A-D8E4A9E1DFF8}.Debug|ARM.Build.0 = Debug|Any CPU
		{764E2F04-2794-4D40-842A-D8E4A9E1DFF8}.Debug|ARM64.ActiveCfg = Debug|Any CPU
		{764E2F04-2794-4D40-842A-D8E4A9E1DFF8}.Debug|ARM64.Build.0 = Debug|Any CPU
		{764E2F04-2794-4D40-842A-D8E4A9E1DFF8}.Debug|x64.ActiveCfg = Debug|Any CPU
		{764E2F04-2794-4D40-842A-D8E4A9E1DFF8}.Debug|x64.Build.0 = Debug|Any CPU
		{764E2F04-2794-4D40-842A-D8E4A9E1DFF8}.Debug|x86.ActiveCfg = Debug|Any CPU
		{764E2F04-2794-4D40-842A-D8E4A9E1DFF8}.Debug|x86.Build.0 = Debug|Any CPU
		{764E2F04-2794-4D40-842A-D8E4A9E1DFF8}.Release|Any CPU.ActiveCfg = Release|Any CPU
		{764E2F04-2794-4D40-842A-D8E4A9E1DFF8}.Release|Any CPU.Build.0 = Release|Any CPU
		{764E2F04-2794-4D40-842A-D8E4A9E1DFF8}.Release|ARM.ActiveCfg = Release|Any CPU
		{764E2F04-2794-4D40-842A-D8E4A9E1DFF8}.Release|ARM.Build.0 = Release|Any CPU
		{764E2F04-2794-4D40-842A-D8E4A9E1DFF8}.Release|ARM64.ActiveCfg = Release|Any CPU
		{764E2F04-2794-4D40-842A-D8E4A9E1DFF8}.Release|ARM64.Build.0 = Release|Any CPU
		{764E2F04-2794-4D40-842A-D8E4A9E1DFF8}.Release|x64.ActiveCfg = Release|Any CPU
		{764E2F04-2794-4D40-842A-D8E4A9E1DFF8}.Release|x64.Build.0 = Release|Any CPU
		{764E2F04-2794-4D40-842A-D8E4A9E1DFF8}.Release|x86.ActiveCfg = Release|Any CPU
		{764E2F04-2794-4D40-842A-D8E4A9E1DFF8}.Release|x86.Build.0 = Release|Any CPU
		{538A7885-2157-421F-8873-477EDDA1B543}.Debug|Any CPU.ActiveCfg = Debug|Any CPU
		{538A7885-2157-421F-8873-477EDDA1B543}.Debug|Any CPU.Build.0 = Debug|Any CPU
		{538A7885-2157-421F-8873-477EDDA1B543}.Debug|ARM.ActiveCfg = Debug|Any CPU
		{538A7885-2157-421F-8873-477EDDA1B543}.Debug|ARM.Build.0 = Debug|Any CPU
		{538A7885-2157-421F-8873-477EDDA1B543}.Debug|ARM64.ActiveCfg = Debug|Any CPU
		{538A7885-2157-421F-8873-477EDDA1B543}.Debug|ARM64.Build.0 = Debug|Any CPU
		{538A7885-2157-421F-8873-477EDDA1B543}.Debug|x64.ActiveCfg = Debug|Any CPU
		{538A7885-2157-421F-8873-477EDDA1B543}.Debug|x64.Build.0 = Debug|Any CPU
		{538A7885-2157-421F-8873-477EDDA1B543}.Debug|x86.ActiveCfg = Debug|Any CPU
		{538A7885-2157-421F-8873-477EDDA1B543}.Debug|x86.Build.0 = Debug|Any CPU
		{538A7885-2157-421F-8873-477EDDA1B543}.Release|Any CPU.ActiveCfg = Release|Any CPU
		{538A7885-2157-421F-8873-477EDDA1B543}.Release|Any CPU.Build.0 = Release|Any CPU
		{538A7885-2157-421F-8873-477EDDA1B543}.Release|ARM.ActiveCfg = Release|Any CPU
		{538A7885-2157-421F-8873-477EDDA1B543}.Release|ARM.Build.0 = Release|Any CPU
		{538A7885-2157-421F-8873-477EDDA1B543}.Release|ARM64.ActiveCfg = Release|Any CPU
		{538A7885-2157-421F-8873-477EDDA1B543}.Release|ARM64.Build.0 = Release|Any CPU
		{538A7885-2157-421F-8873-477EDDA1B543}.Release|x64.ActiveCfg = Release|Any CPU
		{538A7885-2157-421F-8873-477EDDA1B543}.Release|x64.Build.0 = Release|Any CPU
		{538A7885-2157-421F-8873-477EDDA1B543}.Release|x86.ActiveCfg = Release|Any CPU
		{538A7885-2157-421F-8873-477EDDA1B543}.Release|x86.Build.0 = Release|Any CPU
		{737255AB-9CB8-4551-8B69-5075B8855CE4}.Debug|Any CPU.ActiveCfg = Debug|Any CPU
		{737255AB-9CB8-4551-8B69-5075B8855CE4}.Debug|Any CPU.Build.0 = Debug|Any CPU
		{737255AB-9CB8-4551-8B69-5075B8855CE4}.Debug|ARM.ActiveCfg = Debug|Any CPU
		{737255AB-9CB8-4551-8B69-5075B8855CE4}.Debug|ARM.Build.0 = Debug|Any CPU
		{737255AB-9CB8-4551-8B69-5075B8855CE4}.Debug|ARM64.ActiveCfg = Debug|Any CPU
		{737255AB-9CB8-4551-8B69-5075B8855CE4}.Debug|ARM64.Build.0 = Debug|Any CPU
		{737255AB-9CB8-4551-8B69-5075B8855CE4}.Debug|x64.ActiveCfg = Debug|Any CPU
		{737255AB-9CB8-4551-8B69-5075B8855CE4}.Debug|x64.Build.0 = Debug|Any CPU
		{737255AB-9CB8-4551-8B69-5075B8855CE4}.Debug|x86.ActiveCfg = Debug|Any CPU
		{737255AB-9CB8-4551-8B69-5075B8855CE4}.Debug|x86.Build.0 = Debug|Any CPU
		{737255AB-9CB8-4551-8B69-5075B8855CE4}.Release|Any CPU.ActiveCfg = Release|Any CPU
		{737255AB-9CB8-4551-8B69-5075B8855CE4}.Release|Any CPU.Build.0 = Release|Any CPU
		{737255AB-9CB8-4551-8B69-5075B8855CE4}.Release|ARM.ActiveCfg = Release|Any CPU
		{737255AB-9CB8-4551-8B69-5075B8855CE4}.Release|ARM.Build.0 = Release|Any CPU
		{737255AB-9CB8-4551-8B69-5075B8855CE4}.Release|ARM64.ActiveCfg = Release|Any CPU
		{737255AB-9CB8-4551-8B69-5075B8855CE4}.Release|ARM64.Build.0 = Release|Any CPU
		{737255AB-9CB8-4551-8B69-5075B8855CE4}.Release|x64.ActiveCfg = Release|Any CPU
		{737255AB-9CB8-4551-8B69-5075B8855CE4}.Release|x64.Build.0 = Release|Any CPU
		{737255AB-9CB8-4551-8B69-5075B8855CE4}.Release|x86.ActiveCfg = Release|Any CPU
		{737255AB-9CB8-4551-8B69-5075B8855CE4}.Release|x86.Build.0 = Release|Any CPU
		{19D2DD8A-7014-447B-AA9B-EC7BA0C3E7EF}.Debug|Any CPU.ActiveCfg = Debug|Any CPU
		{19D2DD8A-7014-447B-AA9B-EC7BA0C3E7EF}.Debug|Any CPU.Build.0 = Debug|Any CPU
		{19D2DD8A-7014-447B-AA9B-EC7BA0C3E7EF}.Debug|ARM.ActiveCfg = Debug|Any CPU
		{19D2DD8A-7014-447B-AA9B-EC7BA0C3E7EF}.Debug|ARM.Build.0 = Debug|Any CPU
		{19D2DD8A-7014-447B-AA9B-EC7BA0C3E7EF}.Debug|ARM64.ActiveCfg = Debug|Any CPU
		{19D2DD8A-7014-447B-AA9B-EC7BA0C3E7EF}.Debug|ARM64.Build.0 = Debug|Any CPU
		{19D2DD8A-7014-447B-AA9B-EC7BA0C3E7EF}.Debug|x64.ActiveCfg = Debug|Any CPU
		{19D2DD8A-7014-447B-AA9B-EC7BA0C3E7EF}.Debug|x64.Build.0 = Debug|Any CPU
		{19D2DD8A-7014-447B-AA9B-EC7BA0C3E7EF}.Debug|x86.ActiveCfg = Debug|Any CPU
		{19D2DD8A-7014-447B-AA9B-EC7BA0C3E7EF}.Debug|x86.Build.0 = Debug|Any CPU
		{19D2DD8A-7014-447B-AA9B-EC7BA0C3E7EF}.Release|Any CPU.ActiveCfg = Release|Any CPU
		{19D2DD8A-7014-447B-AA9B-EC7BA0C3E7EF}.Release|Any CPU.Build.0 = Release|Any CPU
		{19D2DD8A-7014-447B-AA9B-EC7BA0C3E7EF}.Release|ARM.ActiveCfg = Release|Any CPU
		{19D2DD8A-7014-447B-AA9B-EC7BA0C3E7EF}.Release|ARM.Build.0 = Release|Any CPU
		{19D2DD8A-7014-447B-AA9B-EC7BA0C3E7EF}.Release|ARM64.ActiveCfg = Release|Any CPU
		{19D2DD8A-7014-447B-AA9B-EC7BA0C3E7EF}.Release|ARM64.Build.0 = Release|Any CPU
		{19D2DD8A-7014-447B-AA9B-EC7BA0C3E7EF}.Release|x64.ActiveCfg = Release|Any CPU
		{19D2DD8A-7014-447B-AA9B-EC7BA0C3E7EF}.Release|x64.Build.0 = Release|Any CPU
		{19D2DD8A-7014-447B-AA9B-EC7BA0C3E7EF}.Release|x86.ActiveCfg = Release|Any CPU
		{19D2DD8A-7014-447B-AA9B-EC7BA0C3E7EF}.Release|x86.Build.0 = Release|Any CPU
	EndGlobalSection
	GlobalSection(SolutionProperties) = preSolution
		HideSolutionNode = FALSE
	EndGlobalSection
	GlobalSection(ExtensibilityGlobals) = postSolution
		SolutionGuid = {777DA1AA-27D2-42D9-A0F5-87251EB49BF4}
	EndGlobalSection
EndGlobal
