
Microsoft Visual Studio Solution File, Format Version 12.00
# Visual Studio Version 17
VisualStudioVersion = 17.0.31717.71
MinimumVisualStudioVersion = 10.0.40219.1
Project("{9A19103F-16F7-4668-BE54-9A1E7A4F7556}") = "DesignPatterns", "DesignPatterns\DesignPatterns.csproj", "{239276F4-DD0A-4818-8852-CC20AA596EC6}"
EndProject
Project("{FAE04EC0-301F-11D3-BF4B-00C04F79EFBC}") = "XamarinHelpers", "XamarinHelpers\XamarinHelpers.csproj", "{91D72834-49C3-4C4C-BB87-4E6EFB031729}"
EndProject
Global
	GlobalSection(SolutionConfigurationPlatforms) = preSolution
		Debug|Any CPU = Debug|Any CPU
		Release|Any CPU = Release|Any CPU
	EndGlobalSection
	GlobalSection(ProjectConfigurationPlatforms) = postSolution
		{239276F4-DD0A-4818-8852-CC20AA596EC6}.Debug|Any CPU.ActiveCfg = Debug|Any CPU
		{239276F4-DD0A-4818-8852-CC20AA596EC6}.Debug|Any CPU.Build.0 = Debug|Any CPU
		{239276F4-DD0A-4818-8852-CC20AA596EC6}.Release|Any CPU.ActiveCfg = Release|Any CPU
		{239276F4-DD0A-4818-8852-CC20AA596EC6}.Release|Any CPU.Build.0 = Release|Any CPU
		{91D72834-49C3-4C4C-BB87-4E6EFB031729}.Debug|Any CPU.ActiveCfg = Debug|Any CPU
		{91D72834-49C3-4C4C-BB87-4E6EFB031729}.Debug|Any CPU.Build.0 = Debug|Any CPU
		{91D72834-49C3-4C4C-BB87-4E6EFB031729}.Release|Any CPU.ActiveCfg = Release|Any CPU
		{91D72834-49C3-4C4C-BB87-4E6EFB031729}.Release|Any CPU.Build.0 = Release|Any CPU
	EndGlobalSection
	GlobalSection(SolutionProperties) = preSolution
		HideSolutionNode = FALSE
	EndGlobalSection
	GlobalSection(ExtensibilityGlobals) = postSolution
		SolutionGuid = {777DA1AA-27D2-42D9-A0F5-87251EB49BF4}
	EndGlobalSection
EndGlobal
